// !$*UTF8*$!
{
	archiveVersion = 1;
	classes = {
	};
	objectVersion = 56;
	objects = {

/* Begin PBXBuildFile section */
		4C571ADE2BBA5E7E00E4D9F9 /* ViewModel.swift in Sources */ = {isa = PBXBuildFile; fileRef = 4C571ADD2BBA5E7E00E4D9F9 /* ViewModel.swift */; };
		4C59C8772BD8818B002CD7FF /* FirebaseAnalytics in Frameworks */ = {isa = PBXBuildFile; productRef = 4C59C8762BD8818B002CD7FF /* FirebaseAnalytics */; };
		4C59C8792BD8818B002CD7FF /* FirebaseAnalyticsOnDeviceConversion in Frameworks */ = {isa = PBXBuildFile; productRef = 4C59C8782BD8818B002CD7FF /* FirebaseAnalyticsOnDeviceConversion */; };
		4C59C87B2BD8818B002CD7FF /* FirebaseAnalyticsSwift in Frameworks */ = {isa = PBXBuildFile; productRef = 4C59C87A2BD8818B002CD7FF /* FirebaseAnalyticsSwift */; };
		4C59C87D2BD8818B002CD7FF /* FirebaseAnalyticsWithoutAdIdSupport in Frameworks */ = {isa = PBXBuildFile; productRef = 4C59C87C2BD8818B002CD7FF /* FirebaseAnalyticsWithoutAdIdSupport */; };
		4C59C87F2BD8818B002CD7FF /* FirebaseAppCheck in Frameworks */ = {isa = PBXBuildFile; productRef = 4C59C87E2BD8818B002CD7FF /* FirebaseAppCheck */; };
		4C59C8812BD8818B002CD7FF /* FirebaseAppDistribution-Beta in Frameworks */ = {isa = PBXBuildFile; productRef = 4C59C8802BD8818B002CD7FF /* FirebaseAppDistribution-Beta */; };
		4C59C8832BD8818B002CD7FF /* FirebaseAuth in Frameworks */ = {isa = PBXBuildFile; productRef = 4C59C8822BD8818B002CD7FF /* FirebaseAuth */; };
		4C59C8852BD8818B002CD7FF /* FirebaseAuthCombine-Community in Frameworks */ = {isa = PBXBuildFile; productRef = 4C59C8842BD8818B002CD7FF /* FirebaseAuthCombine-Community */; };
		4C59C8872BD8818B002CD7FF /* FirebaseCrashlytics in Frameworks */ = {isa = PBXBuildFile; productRef = 4C59C8862BD8818B002CD7FF /* FirebaseCrashlytics */; };
		4C59C8892BD8818B002CD7FF /* FirebaseDatabase in Frameworks */ = {isa = PBXBuildFile; productRef = 4C59C8882BD8818B002CD7FF /* FirebaseDatabase */; };
		4C59C88B2BD8818B002CD7FF /* FirebaseDatabaseSwift in Frameworks */ = {isa = PBXBuildFile; productRef = 4C59C88A2BD8818B002CD7FF /* FirebaseDatabaseSwift */; };
		4C59C88D2BD8818B002CD7FF /* FirebaseDynamicLinks in Frameworks */ = {isa = PBXBuildFile; productRef = 4C59C88C2BD8818B002CD7FF /* FirebaseDynamicLinks */; };
		4C59C88F2BD8818B002CD7FF /* FirebaseFirestore in Frameworks */ = {isa = PBXBuildFile; productRef = 4C59C88E2BD8818B002CD7FF /* FirebaseFirestore */; };
		4C59C8912BD8818B002CD7FF /* FirebaseFirestoreCombine-Community in Frameworks */ = {isa = PBXBuildFile; productRef = 4C59C8902BD8818B002CD7FF /* FirebaseFirestoreCombine-Community */; };
		4C59C8932BD8818B002CD7FF /* FirebaseFirestoreSwift in Frameworks */ = {isa = PBXBuildFile; productRef = 4C59C8922BD8818B002CD7FF /* FirebaseFirestoreSwift */; };
		4C59C8952BD8818B002CD7FF /* FirebaseFunctions in Frameworks */ = {isa = PBXBuildFile; productRef = 4C59C8942BD8818B002CD7FF /* FirebaseFunctions */; };
		4C59C8972BD8818B002CD7FF /* FirebaseFunctionsCombine-Community in Frameworks */ = {isa = PBXBuildFile; productRef = 4C59C8962BD8818B002CD7FF /* FirebaseFunctionsCombine-Community */; };
		4C59C8992BD8818B002CD7FF /* FirebaseInAppMessaging-Beta in Frameworks */ = {isa = PBXBuildFile; productRef = 4C59C8982BD8818B002CD7FF /* FirebaseInAppMessaging-Beta */; };
		4C59C89B2BD8818B002CD7FF /* FirebaseInAppMessagingSwift-Beta in Frameworks */ = {isa = PBXBuildFile; productRef = 4C59C89A2BD8818B002CD7FF /* FirebaseInAppMessagingSwift-Beta */; };
		4C59C89D2BD8818B002CD7FF /* FirebaseInstallations in Frameworks */ = {isa = PBXBuildFile; productRef = 4C59C89C2BD8818B002CD7FF /* FirebaseInstallations */; };
		4C59C89F2BD8818B002CD7FF /* FirebaseMLModelDownloader in Frameworks */ = {isa = PBXBuildFile; productRef = 4C59C89E2BD8818B002CD7FF /* FirebaseMLModelDownloader */; };
		4C59C8A12BD8818B002CD7FF /* FirebaseMessaging in Frameworks */ = {isa = PBXBuildFile; productRef = 4C59C8A02BD8818B002CD7FF /* FirebaseMessaging */; };
		4C59C8A32BD8818B002CD7FF /* FirebasePerformance in Frameworks */ = {isa = PBXBuildFile; productRef = 4C59C8A22BD8818B002CD7FF /* FirebasePerformance */; };
		4C59C8A52BD8818B002CD7FF /* FirebaseRemoteConfig in Frameworks */ = {isa = PBXBuildFile; productRef = 4C59C8A42BD8818B002CD7FF /* FirebaseRemoteConfig */; };
		4C59C8A72BD8818B002CD7FF /* FirebaseRemoteConfigSwift in Frameworks */ = {isa = PBXBuildFile; productRef = 4C59C8A62BD8818B002CD7FF /* FirebaseRemoteConfigSwift */; };
		4C59C8A92BD8818B002CD7FF /* FirebaseStorage in Frameworks */ = {isa = PBXBuildFile; productRef = 4C59C8A82BD8818B002CD7FF /* FirebaseStorage */; };
		4C59C8AB2BD8818B002CD7FF /* FirebaseStorageCombine-Community in Frameworks */ = {isa = PBXBuildFile; productRef = 4C59C8AA2BD8818B002CD7FF /* FirebaseStorageCombine-Community */; };
		4C59C8AD2BD8AE82002CD7FF /* GoogleService-Info.plist in Resources */ = {isa = PBXBuildFile; fileRef = 4C59C8AC2BD8AE82002CD7FF /* GoogleService-Info.plist */; };
		4C59C8AF2BD9529C002CD7FF /* UserModel.swift in Sources */ = {isa = PBXBuildFile; fileRef = 4C59C8AE2BD9529C002CD7FF /* UserModel.swift */; };
		4C59C8B12BD9567C002CD7FF /* AuthenticationManager.swift in Sources */ = {isa = PBXBuildFile; fileRef = 4C59C8B02BD9567C002CD7FF /* AuthenticationManager.swift */; };
		ACF5E04029BE957F00DD981A /* Assignment3App.swift in Sources */ = {isa = PBXBuildFile; fileRef = ACF5E03F29BE957F00DD981A /* Assignment3App.swift */; };
		ACF5E04229BE957F00DD981A /* ContentView.swift in Sources */ = {isa = PBXBuildFile; fileRef = ACF5E04129BE957F00DD981A /* ContentView.swift */; };
		ACF5E04429BE958000DD981A /* Assets.xcassets in Resources */ = {isa = PBXBuildFile; fileRef = ACF5E04329BE958000DD981A /* Assets.xcassets */; };
		ACF5E04729BE958000DD981A /* Preview Assets.xcassets in Resources */ = {isa = PBXBuildFile; fileRef = ACF5E04629BE958000DD981A /* Preview Assets.xcassets */; };
/* End PBXBuildFile section */

/* Begin PBXFileReference section */
		4C571ADD2BBA5E7E00E4D9F9 /* ViewModel.swift */ = {isa = PBXFileReference; lastKnownFileType = sourcecode.swift; path = ViewModel.swift; sourceTree = "<group>"; };
		4C59C8AC2BD8AE82002CD7FF /* GoogleService-Info.plist */ = {isa = PBXFileReference; fileEncoding = 4; lastKnownFileType = text.plist.xml; name = "GoogleService-Info.plist"; path = "../../../Downloads/GoogleService-Info.plist"; sourceTree = "<group>"; };
		4C59C8AE2BD9529C002CD7FF /* UserModel.swift */ = {isa = PBXFileReference; lastKnownFileType = sourcecode.swift; path = UserModel.swift; sourceTree = "<group>"; };
		4C59C8B02BD9567C002CD7FF /* AuthenticationManager.swift */ = {isa = PBXFileReference; lastKnownFileType = sourcecode.swift; path = AuthenticationManager.swift; sourceTree = "<group>"; };
		ACF5E03C29BE957F00DD981A /* Assignment3.app */ = {isa = PBXFileReference; explicitFileType = wrapper.application; includeInIndex = 0; path = Assignment3.app; sourceTree = BUILT_PRODUCTS_DIR; };
		ACF5E03F29BE957F00DD981A /* Assignment3App.swift */ = {isa = PBXFileReference; lastKnownFileType = sourcecode.swift; path = Assignment3App.swift; sourceTree = "<group>"; };
		ACF5E04129BE957F00DD981A /* ContentView.swift */ = {isa = PBXFileReference; lastKnownFileType = sourcecode.swift; path = ContentView.swift; sourceTree = "<group>"; };
		ACF5E04329BE958000DD981A /* Assets.xcassets */ = {isa = PBXFileReference; lastKnownFileType = folder.assetcatalog; path = Assets.xcassets; sourceTree = "<group>"; };
		ACF5E04629BE958000DD981A /* Preview Assets.xcassets */ = {isa = PBXFileReference; lastKnownFileType = folder.assetcatalog; path = "Preview Assets.xcassets"; sourceTree = "<group>"; };
/* End PBXFileReference section */

/* Begin PBXFrameworksBuildPhase section */
		ACF5E03929BE957F00DD981A /* Frameworks */ = {
			isa = PBXFrameworksBuildPhase;
			buildActionMask = 2147483647;
			files = (
				4C59C8892BD8818B002CD7FF /* FirebaseDatabase in Frameworks */,
				4C59C8972BD8818B002CD7FF /* FirebaseFunctionsCombine-Community in Frameworks */,
				4C59C88F2BD8818B002CD7FF /* FirebaseFirestore in Frameworks */,
				4C59C87B2BD8818B002CD7FF /* FirebaseAnalyticsSwift in Frameworks */,
				4C59C8772BD8818B002CD7FF /* FirebaseAnalytics in Frameworks */,
				4C59C8792BD8818B002CD7FF /* FirebaseAnalyticsOnDeviceConversion in Frameworks */,
				4C59C89F2BD8818B002CD7FF /* FirebaseMLModelDownloader in Frameworks */,
				4C59C8932BD8818B002CD7FF /* FirebaseFirestoreSwift in Frameworks */,
				4C59C87F2BD8818B002CD7FF /* FirebaseAppCheck in Frameworks */,
				4C59C87D2BD8818B002CD7FF /* FirebaseAnalyticsWithoutAdIdSupport in Frameworks */,
				4C59C8832BD8818B002CD7FF /* FirebaseAuth in Frameworks */,
				4C59C8872BD8818B002CD7FF /* FirebaseCrashlytics in Frameworks */,
				4C59C8A72BD8818B002CD7FF /* FirebaseRemoteConfigSwift in Frameworks */,
				4C59C8992BD8818B002CD7FF /* FirebaseInAppMessaging-Beta in Frameworks */,
				4C59C88B2BD8818B002CD7FF /* FirebaseDatabaseSwift in Frameworks */,
				4C59C8952BD8818B002CD7FF /* FirebaseFunctions in Frameworks */,
				4C59C8AB2BD8818B002CD7FF /* FirebaseStorageCombine-Community in Frameworks */,
				4C59C8A52BD8818B002CD7FF /* FirebaseRemoteConfig in Frameworks */,
				4C59C8812BD8818B002CD7FF /* FirebaseAppDistribution-Beta in Frameworks */,
				4C59C8852BD8818B002CD7FF /* FirebaseAuthCombine-Community in Frameworks */,
				4C59C8A32BD8818B002CD7FF /* FirebasePerformance in Frameworks */,
				4C59C89B2BD8818B002CD7FF /* FirebaseInAppMessagingSwift-Beta in Frameworks */,
				4C59C8A92BD8818B002CD7FF /* FirebaseStorage in Frameworks */,
				4C59C88D2BD8818B002CD7FF /* FirebaseDynamicLinks in Frameworks */,
				4C59C8912BD8818B002CD7FF /* FirebaseFirestoreCombine-Community in Frameworks */,
				4C59C8A12BD8818B002CD7FF /* FirebaseMessaging in Frameworks */,
				4C59C89D2BD8818B002CD7FF /* FirebaseInstallations in Frameworks */,
			);
			runOnlyForDeploymentPostprocessing = 0;
		};
/* End PBXFrameworksBuildPhase section */

/* Begin PBXGroup section */
		ACF5E03329BE957F00DD981A = {
			isa = PBXGroup;
			children = (
				ACF5E03E29BE957F00DD981A /* Assignment3 */,
				ACF5E03D29BE957F00DD981A /* Products */,
			);
			sourceTree = "<group>";
		};
		ACF5E03D29BE957F00DD981A /* Products */ = {
			isa = PBXGroup;
			children = (
				ACF5E03C29BE957F00DD981A /* Assignment3.app */,
			);
			name = Products;
			sourceTree = "<group>";
		};
		ACF5E03E29BE957F00DD981A /* Assignment3 */ = {
			isa = PBXGroup;
			children = (
				ACF5E03F29BE957F00DD981A /* Assignment3App.swift */,
				ACF5E04129BE957F00DD981A /* ContentView.swift */,
				ACF5E04329BE958000DD981A /* Assets.xcassets */,
				4C59C8AC2BD8AE82002CD7FF /* GoogleService-Info.plist */,
				ACF5E04529BE958000DD981A /* Preview Content */,
				4C571ADD2BBA5E7E00E4D9F9 /* ViewModel.swift */,
				4C59C8AE2BD9529C002CD7FF /* UserModel.swift */,
				4C59C8B02BD9567C002CD7FF /* AuthenticationManager.swift */,
			);
			path = Assignment3;
			sourceTree = "<group>";
		};
		ACF5E04529BE958000DD981A /* Preview Content */ = {
			isa = PBXGroup;
			children = (
				ACF5E04629BE958000DD981A /* Preview Assets.xcassets */,
			);
			path = "Preview Content";
			sourceTree = "<group>";
		};
/* End PBXGroup section */

/* Begin PBXNativeTarget section */
		ACF5E03B29BE957F00DD981A /* Assignment3 */ = {
			isa = PBXNativeTarget;
			buildConfigurationList = ACF5E04A29BE958000DD981A /* Build configuration list for PBXNativeTarget "Assignment3" */;
			buildPhases = (
				ACF5E03829BE957F00DD981A /* Sources */,
				ACF5E03929BE957F00DD981A /* Frameworks */,
				ACF5E03A29BE957F00DD981A /* Resources */,
			);
			buildRules = (
			);
			dependencies = (
			);
			name = Assignment3;
			packageProductDependencies = (
				4C59C8762BD8818B002CD7FF /* FirebaseAnalytics */,
				4C59C8782BD8818B002CD7FF /* FirebaseAnalyticsOnDeviceConversion */,
				4C59C87A2BD8818B002CD7FF /* FirebaseAnalyticsSwift */,
				4C59C87C2BD8818B002CD7FF /* FirebaseAnalyticsWithoutAdIdSupport */,
				4C59C87E2BD8818B002CD7FF /* FirebaseAppCheck */,
				4C59C8802BD8818B002CD7FF /* FirebaseAppDistribution-Beta */,
				4C59C8822BD8818B002CD7FF /* FirebaseAuth */,
				4C59C8842BD8818B002CD7FF /* FirebaseAuthCombine-Community */,
				4C59C8862BD8818B002CD7FF /* FirebaseCrashlytics */,
				4C59C8882BD8818B002CD7FF /* FirebaseDatabase */,
				4C59C88A2BD8818B002CD7FF /* FirebaseDatabaseSwift */,
				4C59C88C2BD8818B002CD7FF /* FirebaseDynamicLinks */,
				4C59C88E2BD8818B002CD7FF /* FirebaseFirestore */,
				4C59C8902BD8818B002CD7FF /* FirebaseFirestoreCombine-Community */,
				4C59C8922BD8818B002CD7FF /* FirebaseFirestoreSwift */,
				4C59C8942BD8818B002CD7FF /* FirebaseFunctions */,
				4C59C8962BD8818B002CD7FF /* FirebaseFunctionsCombine-Community */,
				4C59C8982BD8818B002CD7FF /* FirebaseInAppMessaging-Beta */,
				4C59C89A2BD8818B002CD7FF /* FirebaseInAppMessagingSwift-Beta */,
				4C59C89C2BD8818B002CD7FF /* FirebaseInstallations */,
				4C59C89E2BD8818B002CD7FF /* FirebaseMLModelDownloader */,
				4C59C8A02BD8818B002CD7FF /* FirebaseMessaging */,
				4C59C8A22BD8818B002CD7FF /* FirebasePerformance */,
				4C59C8A42BD8818B002CD7FF /* FirebaseRemoteConfig */,
				4C59C8A62BD8818B002CD7FF /* FirebaseRemoteConfigSwift */,
				4C59C8A82BD8818B002CD7FF /* FirebaseStorage */,
				4C59C8AA2BD8818B002CD7FF /* FirebaseStorageCombine-Community */,
			);
			productName = Assignment3;
			productReference = ACF5E03C29BE957F00DD981A /* Assignment3.app */;
			productType = "com.apple.product-type.application";
		};
/* End PBXNativeTarget section */

/* Begin PBXProject section */
		ACF5E03429BE957F00DD981A /* Project object */ = {
			isa = PBXProject;
			attributes = {
				BuildIndependentTargetsInParallel = 1;
				LastSwiftUpdateCheck = 1420;
				LastUpgradeCheck = 1420;
				TargetAttributes = {
					ACF5E03B29BE957F00DD981A = {
						CreatedOnToolsVersion = 14.2;
					};
				};
			};
			buildConfigurationList = ACF5E03729BE957F00DD981A /* Build configuration list for PBXProject "Assignment3" */;
			compatibilityVersion = "Xcode 14.0";
			developmentRegion = en;
			hasScannedForEncodings = 0;
			knownRegions = (
				en,
				Base,
			);
			mainGroup = ACF5E03329BE957F00DD981A;
			packageReferences = (
				4C59C8752BD8818A002CD7FF /* XCRemoteSwiftPackageReference "firebase-ios-sdk" */,
			);
			productRefGroup = ACF5E03D29BE957F00DD981A /* Products */;
			projectDirPath = "";
			projectRoot = "";
			targets = (
				ACF5E03B29BE957F00DD981A /* Assignment3 */,
			);
		};
/* End PBXProject section */

/* Begin PBXResourcesBuildPhase section */
		ACF5E03A29BE957F00DD981A /* Resources */ = {
			isa = PBXResourcesBuildPhase;
			buildActionMask = 2147483647;
			files = (
				ACF5E04729BE958000DD981A /* Preview Assets.xcassets in Resources */,
				ACF5E04429BE958000DD981A /* Assets.xcassets in Resources */,
				4C59C8AD2BD8AE82002CD7FF /* GoogleService-Info.plist in Resources */,
			);
			runOnlyForDeploymentPostprocessing = 0;
		};
/* End PBXResourcesBuildPhase section */

/* Begin PBXSourcesBuildPhase section */
		ACF5E03829BE957F00DD981A /* Sources */ = {
			isa = PBXSourcesBuildPhase;
			buildActionMask = 2147483647;
			files = (
				ACF5E04229BE957F00DD981A /* ContentView.swift in Sources */,
				4C571ADE2BBA5E7E00E4D9F9 /* ViewModel.swift in Sources */,
				4C59C8AF2BD9529C002CD7FF /* UserModel.swift in Sources */,
				4C59C8B12BD9567C002CD7FF /* AuthenticationManager.swift in Sources */,
				ACF5E04029BE957F00DD981A /* Assignment3App.swift in Sources */,
			);
			runOnlyForDeploymentPostprocessing = 0;
		};
/* End PBXSourcesBuildPhase section */

/* Begin XCBuildConfiguration section */
		ACF5E04829BE958000DD981A /* Debug */ = {
			isa = XCBuildConfiguration;
			buildSettings = {
				ALWAYS_SEARCH_USER_PATHS = NO;
				CLANG_ANALYZER_NONNULL = YES;
				CLANG_ANALYZER_NUMBER_OBJECT_CONVERSION = YES_AGGRESSIVE;
				CLANG_CXX_LANGUAGE_STANDARD = "gnu++20";
				CLANG_ENABLE_MODULES = YES;
				CLANG_ENABLE_OBJC_ARC = YES;
				CLANG_ENABLE_OBJC_WEAK = YES;
				CLANG_WARN_BLOCK_CAPTURE_AUTORELEASING = YES;
				CLANG_WARN_BOOL_CONVERSION = YES;
				CLANG_WARN_COMMA = YES;
				CLANG_WARN_CONSTANT_CONVERSION = YES;
				CLANG_WARN_DEPRECATED_OBJC_IMPLEMENTATIONS = YES;
				CLANG_WARN_DIRECT_OBJC_ISA_USAGE = YES_ERROR;
				CLANG_WARN_DOCUMENTATION_COMMENTS = YES;
				CLANG_WARN_EMPTY_BODY = YES;
				CLANG_WARN_ENUM_CONVERSION = YES;
				CLANG_WARN_INFINITE_RECURSION = YES;
				CLANG_WARN_INT_CONVERSION = YES;
				CLANG_WARN_NON_LITERAL_NULL_CONVERSION = YES;
				CLANG_WARN_OBJC_IMPLICIT_RETAIN_SELF = YES;
				CLANG_WARN_OBJC_LITERAL_CONVERSION = YES;
				CLANG_WARN_OBJC_ROOT_CLASS = YES_ERROR;
				CLANG_WARN_QUOTED_INCLUDE_IN_FRAMEWORK_HEADER = YES;
				CLANG_WARN_RANGE_LOOP_ANALYSIS = YES;
				CLANG_WARN_STRICT_PROTOTYPES = YES;
				CLANG_WARN_SUSPICIOUS_MOVE = YES;
				CLANG_WARN_UNGUARDED_AVAILABILITY = YES_AGGRESSIVE;
				CLANG_WARN_UNREACHABLE_CODE = YES;
				CLANG_WARN__DUPLICATE_METHOD_MATCH = YES;
				COPY_PHASE_STRIP = NO;
				DEBUG_INFORMATION_FORMAT = dwarf;
				ENABLE_STRICT_OBJC_MSGSEND = YES;
				ENABLE_TESTABILITY = YES;
				GCC_C_LANGUAGE_STANDARD = gnu11;
				GCC_DYNAMIC_NO_PIC = NO;
				GCC_NO_COMMON_BLOCKS = YES;
				GCC_OPTIMIZATION_LEVEL = 0;
				GCC_PREPROCESSOR_DEFINITIONS = (
					"DEBUG=1",
					"$(inherited)",
				);
				GCC_WARN_64_TO_32_BIT_CONVERSION = YES;
				GCC_WARN_ABOUT_RETURN_TYPE = YES_ERROR;
				GCC_WARN_UNDECLARED_SELECTOR = YES;
				GCC_WARN_UNINITIALIZED_AUTOS = YES_AGGRESSIVE;
				GCC_WARN_UNUSED_FUNCTION = YES;
				GCC_WARN_UNUSED_VARIABLE = YES;
				IPHONEOS_DEPLOYMENT_TARGET = 16.2;
				MTL_ENABLE_DEBUG_INFO = INCLUDE_SOURCE;
				MTL_FAST_MATH = YES;
				ONLY_ACTIVE_ARCH = YES;
				SDKROOT = iphoneos;
				SWIFT_ACTIVE_COMPILATION_CONDITIONS = DEBUG;
				SWIFT_OPTIMIZATION_LEVEL = "-Onone";
			};
			name = Debug;
		};
		ACF5E04929BE958000DD981A /* Release */ = {
			isa = XCBuildConfiguration;
			buildSettings = {
				ALWAYS_SEARCH_USER_PATHS = NO;
				CLANG_ANALYZER_NONNULL = YES;
				CLANG_ANALYZER_NUMBER_OBJECT_CONVERSION = YES_AGGRESSIVE;
				CLANG_CXX_LANGUAGE_STANDARD = "gnu++20";
				CLANG_ENABLE_MODULES = YES;
				CLANG_ENABLE_OBJC_ARC = YES;
				CLANG_ENABLE_OBJC_WEAK = YES;
				CLANG_WARN_BLOCK_CAPTURE_AUTORELEASING = YES;
				CLANG_WARN_BOOL_CONVERSION = YES;
				CLANG_WARN_COMMA = YES;
				CLANG_WARN_CONSTANT_CONVERSION = YES;
				CLANG_WARN_DEPRECATED_OBJC_IMPLEMENTATIONS = YES;
				CLANG_WARN_DIRECT_OBJC_ISA_USAGE = YES_ERROR;
				CLANG_WARN_DOCUMENTATION_COMMENTS = YES;
				CLANG_WARN_EMPTY_BODY = YES;
				CLANG_WARN_ENUM_CONVERSION = YES;
				CLANG_WARN_INFINITE_RECURSION = YES;
				CLANG_WARN_INT_CONVERSION = YES;
				CLANG_WARN_NON_LITERAL_NULL_CONVERSION = YES;
				CLANG_WARN_OBJC_IMPLICIT_RETAIN_SELF = YES;
				CLANG_WARN_OBJC_LITERAL_CONVERSION = YES;
				CLANG_WARN_OBJC_ROOT_CLASS = YES_ERROR;
				CLANG_WARN_QUOTED_INCLUDE_IN_FRAMEWORK_HEADER = YES;
				CLANG_WARN_RANGE_LOOP_ANALYSIS = YES;
				CLANG_WARN_STRICT_PROTOTYPES = YES;
				CLANG_WARN_SUSPICIOUS_MOVE = YES;
				CLANG_WARN_UNGUARDED_AVAILABILITY = YES_AGGRESSIVE;
				CLANG_WARN_UNREACHABLE_CODE = YES;
				CLANG_WARN__DUPLICATE_METHOD_MATCH = YES;
				COPY_PHASE_STRIP = NO;
				DEBUG_INFORMATION_FORMAT = "dwarf-with-dsym";
				ENABLE_NS_ASSERTIONS = NO;
				ENABLE_STRICT_OBJC_MSGSEND = YES;
				GCC_C_LANGUAGE_STANDARD = gnu11;
				GCC_NO_COMMON_BLOCKS = YES;
				GCC_WARN_64_TO_32_BIT_CONVERSION = YES;
				GCC_WARN_ABOUT_RETURN_TYPE = YES_ERROR;
				GCC_WARN_UNDECLARED_SELECTOR = YES;
				GCC_WARN_UNINITIALIZED_AUTOS = YES_AGGRESSIVE;
				GCC_WARN_UNUSED_FUNCTION = YES;
				GCC_WARN_UNUSED_VARIABLE = YES;
				IPHONEOS_DEPLOYMENT_TARGET = 16.2;
				MTL_ENABLE_DEBUG_INFO = NO;
				MTL_FAST_MATH = YES;
				SDKROOT = iphoneos;
				SWIFT_COMPILATION_MODE = wholemodule;
				SWIFT_OPTIMIZATION_LEVEL = "-O";
				VALIDATE_PRODUCT = YES;
			};
			name = Release;
		};
		ACF5E04B29BE958000DD981A /* Debug */ = {
			isa = XCBuildConfiguration;
			buildSettings = {
				ASSETCATALOG_COMPILER_APPICON_NAME = AppIcon;
				ASSETCATALOG_COMPILER_GLOBAL_ACCENT_COLOR_NAME = AccentColor;
				CODE_SIGN_STYLE = Automatic;
				CURRENT_PROJECT_VERSION = 1;
				DEVELOPMENT_ASSET_PATHS = "\"Assignment3/Preview Content\"";
				ENABLE_PREVIEWS = YES;
				GENERATE_INFOPLIST_FILE = YES;
				INFOPLIST_KEY_UIApplicationSceneManifest_Generation = YES;
				INFOPLIST_KEY_UIApplicationSupportsIndirectInputEvents = YES;
				INFOPLIST_KEY_UILaunchScreen_Generation = YES;
				INFOPLIST_KEY_UISupportedInterfaceOrientations_iPad = "UIInterfaceOrientationPortrait UIInterfaceOrientationPortraitUpsideDown UIInterfaceOrientationLandscapeLeft UIInterfaceOrientationLandscapeRight";
				INFOPLIST_KEY_UISupportedInterfaceOrientations_iPhone = "UIInterfaceOrientationPortrait UIInterfaceOrientationLandscapeLeft UIInterfaceOrientationLandscapeRight";
				LD_RUNPATH_SEARCH_PATHS = (
					"$(inherited)",
					"@executable_path/Frameworks",
				);
				MARKETING_VERSION = 1.0;
				PRODUCT_BUNDLE_IDENTIFIER = edu.auburn.onlinecsse.Assignment3;
				PRODUCT_NAME = "$(TARGET_NAME)";
				SWIFT_EMIT_LOC_STRINGS = YES;
				SWIFT_VERSION = 5.0;
				TARGETED_DEVICE_FAMILY = "1,2";
			};
			name = Debug;
		};
		ACF5E04C29BE958000DD981A /* Release */ = {
			isa = XCBuildConfiguration;
			buildSettings = {
				ASSETCATALOG_COMPILER_APPICON_NAME = AppIcon;
				ASSETCATALOG_COMPILER_GLOBAL_ACCENT_COLOR_NAME = AccentColor;
				CODE_SIGN_STYLE = Automatic;
				CURRENT_PROJECT_VERSION = 1;
				DEVELOPMENT_ASSET_PATHS = "\"Assignment3/Preview Content\"";
				ENABLE_PREVIEWS = YES;
				GENERATE_INFOPLIST_FILE = YES;
				INFOPLIST_KEY_UIApplicationSceneManifest_Generation = YES;
				INFOPLIST_KEY_UIApplicationSupportsIndirectInputEvents = YES;
				INFOPLIST_KEY_UILaunchScreen_Generation = YES;
				INFOPLIST_KEY_UISupportedInterfaceOrientations_iPad = "UIInterfaceOrientationPortrait UIInterfaceOrientationPortraitUpsideDown UIInterfaceOrientationLandscapeLeft UIInterfaceOrientationLandscapeRight";
				INFOPLIST_KEY_UISupportedInterfaceOrientations_iPhone = "UIInterfaceOrientationPortrait UIInterfaceOrientationLandscapeLeft UIInterfaceOrientationLandscapeRight";
				LD_RUNPATH_SEARCH_PATHS = (
					"$(inherited)",
					"@executable_path/Frameworks",
				);
				MARKETING_VERSION = 1.0;
				PRODUCT_BUNDLE_IDENTIFIER = edu.auburn.onlinecsse.Assignment3;
				PRODUCT_NAME = "$(TARGET_NAME)";
				SWIFT_EMIT_LOC_STRINGS = YES;
				SWIFT_VERSION = 5.0;
				TARGETED_DEVICE_FAMILY = "1,2";
			};
			name = Release;
		};
/* End XCBuildConfiguration section */

/* Begin XCConfigurationList section */
		ACF5E03729BE957F00DD981A /* Build configuration list for PBXProject "Assignment3" */ = {
			isa = XCConfigurationList;
			buildConfigurations = (
				ACF5E04829BE958000DD981A /* Debug */,
				ACF5E04929BE958000DD981A /* Release */,
			);
			defaultConfigurationIsVisible = 0;
			defaultConfigurationName = Release;
		};
		ACF5E04A29BE958000DD981A /* Build configuration list for PBXNativeTarget "Assignment3" */ = {
			isa = XCConfigurationList;
			buildConfigurations = (
				ACF5E04B29BE958000DD981A /* Debug */,
				ACF5E04C29BE958000DD981A /* Release */,
			);
			defaultConfigurationIsVisible = 0;
			defaultConfigurationName = Release;
		};
/* End XCConfigurationList section */

/* Begin XCRemoteSwiftPackageReference section */
		4C59C8752BD8818A002CD7FF /* XCRemoteSwiftPackageReference "firebase-ios-sdk" */ = {
			isa = XCRemoteSwiftPackageReference;
			repositoryURL = "https://github.com/firebase/firebase-ios-sdk.git";
			requirement = {
				kind = upToNextMajorVersion;
				minimumVersion = 10.24.0;
			};
		};
/* End XCRemoteSwiftPackageReference section */

/* Begin XCSwiftPackageProductDependency section */
		4C59C8762BD8818B002CD7FF /* FirebaseAnalytics */ = {
			isa = XCSwiftPackageProductDependency;
			package = 4C59C8752BD8818A002CD7FF /* XCRemoteSwiftPackageReference "firebase-ios-sdk" */;
			productName = FirebaseAnalytics;
		};
		4C59C8782BD8818B002CD7FF /* FirebaseAnalyticsOnDeviceConversion */ = {
			isa = XCSwiftPackageProductDependency;
			package = 4C59C8752BD8818A002CD7FF /* XCRemoteSwiftPackageReference "firebase-ios-sdk" */;
			productName = FirebaseAnalyticsOnDeviceConversion;
		};
		4C59C87A2BD8818B002CD7FF /* FirebaseAnalyticsSwift */ = {
			isa = XCSwiftPackageProductDependency;
			package = 4C59C8752BD8818A002CD7FF /* XCRemoteSwiftPackageReference "firebase-ios-sdk" */;
			productName = FirebaseAnalyticsSwift;
		};
		4C59C87C2BD8818B002CD7FF /* FirebaseAnalyticsWithoutAdIdSupport */ = {
			isa = XCSwiftPackageProductDependency;
			package = 4C59C8752BD8818A002CD7FF /* XCRemoteSwiftPackageReference "firebase-ios-sdk" */;
			productName = FirebaseAnalyticsWithoutAdIdSupport;
		};
		4C59C87E2BD8818B002CD7FF /* FirebaseAppCheck */ = {
			isa = XCSwiftPackageProductDependency;
			package = 4C59C8752BD8818A002CD7FF /* XCRemoteSwiftPackageReference "firebase-ios-sdk" */;
			productName = FirebaseAppCheck;
		};
		4C59C8802BD8818B002CD7FF /* FirebaseAppDistribution-Beta */ = {
			isa = XCSwiftPackageProductDependency;
			package = 4C59C8752BD8818A002CD7FF /* XCRemoteSwiftPackageReference "firebase-ios-sdk" */;
			productName = "FirebaseAppDistribution-Beta";
		};
		4C59C8822BD8818B002CD7FF /* FirebaseAuth */ = {
			isa = XCSwiftPackageProductDependency;
			package = 4C59C8752BD8818A002CD7FF /* XCRemoteSwiftPackageReference "firebase-ios-sdk" */;
			productName = FirebaseAuth;
		};
		4C59C8842BD8818B002CD7FF /* FirebaseAuthCombine-Community */ = {
			isa = XCSwiftPackageProductDependency;
			package = 4C59C8752BD8818A002CD7FF /* XCRemoteSwiftPackageReference "firebase-ios-sdk" */;
			productName = "FirebaseAuthCombine-Community";
		};
		4C59C8862BD8818B002CD7FF /* FirebaseCrashlytics */ = {
			isa = XCSwiftPackageProductDependency;
			package = 4C59C8752BD8818A002CD7FF /* XCRemoteSwiftPackageReference "firebase-ios-sdk" */;
			productName = FirebaseCrashlytics;
		};
		4C59C8882BD8818B002CD7FF /* FirebaseDatabase */ = {
			isa = XCSwiftPackageProductDependency;
			package = 4C59C8752BD8818A002CD7FF /* XCRemoteSwiftPackageReference "firebase-ios-sdk" */;
			productName = FirebaseDatabase;
		};
		4C59C88A2BD8818B002CD7FF /* FirebaseDatabaseSwift */ = {
			isa = XCSwiftPackageProductDependency;
			package = 4C59C8752BD8818A002CD7FF /* XCRemoteSwiftPackageReference "firebase-ios-sdk" */;
			productName = FirebaseDatabaseSwift;
		};
		4C59C88C2BD8818B002CD7FF /* FirebaseDynamicLinks */ = {
			isa = XCSwiftPackageProductDependency;
			package = 4C59C8752BD8818A002CD7FF /* XCRemoteSwiftPackageReference "firebase-ios-sdk" */;
			productName = FirebaseDynamicLinks;
		};
		4C59C88E2BD8818B002CD7FF /* FirebaseFirestore */ = {
			isa = XCSwiftPackageProductDependency;
			package = 4C59C8752BD8818A002CD7FF /* XCRemoteSwiftPackageReference "firebase-ios-sdk" */;
			productName = FirebaseFirestore;
		};
		4C59C8902BD8818B002CD7FF /* FirebaseFirestoreCombine-Community */ = {
			isa = XCSwiftPackageProductDependency;
			package = 4C59C8752BD8818A002CD7FF /* XCRemoteSwiftPackageReference "firebase-ios-sdk" */;
			productName = "FirebaseFirestoreCombine-Community";
		};
		4C59C8922BD8818B002CD7FF /* FirebaseFirestoreSwift */ = {
			isa = XCSwiftPackageProductDependency;
			package = 4C59C8752BD8818A002CD7FF /* XCRemoteSwiftPackageReference "firebase-ios-sdk" */;
			productName = FirebaseFirestoreSwift;
		};
		4C59C8942BD8818B002CD7FF /* FirebaseFunctions */ = {
			isa = XCSwiftPackageProductDependency;
			package = 4C59C8752BD8818A002CD7FF /* XCRemoteSwiftPackageReference "firebase-ios-sdk" */;
			productName = FirebaseFunctions;
		};
		4C59C8962BD8818B002CD7FF /* FirebaseFunctionsCombine-Community */ = {
			isa = XCSwiftPackageProductDependency;
			package = 4C59C8752BD8818A002CD7FF /* XCRemoteSwiftPackageReference "firebase-ios-sdk" */;
			productName = "FirebaseFunctionsCombine-Community";
		};
		4C59C8982BD8818B002CD7FF /* FirebaseInAppMessaging-Beta */ = {
			isa = XCSwiftPackageProductDependency;
			package = 4C59C8752BD8818A002CD7FF /* XCRemoteSwiftPackageReference "firebase-ios-sdk" */;
			productName = "FirebaseInAppMessaging-Beta";
		};
		4C59C89A2BD8818B002CD7FF /* FirebaseInAppMessagingSwift-Beta */ = {
			isa = XCSwiftPackageProductDependency;
			package = 4C59C8752BD8818A002CD7FF /* XCRemoteSwiftPackageReference "firebase-ios-sdk" */;
			productName = "FirebaseInAppMessagingSwift-Beta";
		};
		4C59C89C2BD8818B002CD7FF /* FirebaseInstallations */ = {
			isa = XCSwiftPackageProductDependency;
			package = 4C59C8752BD8818A002CD7FF /* XCRemoteSwiftPackageReference "firebase-ios-sdk" */;
			productName = FirebaseInstallations;
		};
		4C59C89E2BD8818B002CD7FF /* FirebaseMLModelDownloader */ = {
			isa = XCSwiftPackageProductDependency;
			package = 4C59C8752BD8818A002CD7FF /* XCRemoteSwiftPackageReference "firebase-ios-sdk" */;
			productName = FirebaseMLModelDownloader;
		};
		4C59C8A02BD8818B002CD7FF /* FirebaseMessaging */ = {
			isa = XCSwiftPackageProductDependency;
			package = 4C59C8752BD8818A002CD7FF /* XCRemoteSwiftPackageReference "firebase-ios-sdk" */;
			productName = FirebaseMessaging;
		};
		4C59C8A22BD8818B002CD7FF /* FirebasePerformance */ = {
			isa = XCSwiftPackageProductDependency;
			package = 4C59C8752BD8818A002CD7FF /* XCRemoteSwiftPackageReference "firebase-ios-sdk" */;
			productName = FirebasePerformance;
		};
		4C59C8A42BD8818B002CD7FF /* FirebaseRemoteConfig */ = {
			isa = XCSwiftPackageProductDependency;
			package = 4C59C8752BD8818A002CD7FF /* XCRemoteSwiftPackageReference "firebase-ios-sdk" */;
			productName = FirebaseRemoteConfig;
		};
		4C59C8A62BD8818B002CD7FF /* FirebaseRemoteConfigSwift */ = {
			isa = XCSwiftPackageProductDependency;
			package = 4C59C8752BD8818A002CD7FF /* XCRemoteSwiftPackageReference "firebase-ios-sdk" */;
			productName = FirebaseRemoteConfigSwift;
		};
		4C59C8A82BD8818B002CD7FF /* FirebaseStorage */ = {
			isa = XCSwiftPackageProductDependency;
			package = 4C59C8752BD8818A002CD7FF /* XCRemoteSwiftPackageReference "firebase-ios-sdk" */;
			productName = FirebaseStorage;
		};
		4C59C8AA2BD8818B002CD7FF /* FirebaseStorageCombine-Community */ = {
			isa = XCSwiftPackageProductDependency;
			package = 4C59C8752BD8818A002CD7FF /* XCRemoteSwiftPackageReference "firebase-ios-sdk" */;
			productName = "FirebaseStorageCombine-Community";
		};
/* End XCSwiftPackageProductDependency section */
	};
	rootObject = ACF5E03429BE957F00DD981A /* Project object */;
}
